{
  "nodes": {
    "agenix": {
      "inputs": {
        "darwin": [],
        "home-manager": [
          "home-manager"
        ],
        "nixpkgs": [
          "nixpkgs"
        ],
        "systems": "systems"
      },
      "locked": {
        "lastModified": 1770165109,
        "narHash": "sha256-9VnK6Oqai65puVJ4WYtCTvlJeXxMzAp/69HhQuTdl/I=",
        "owner": "ryantm",
        "repo": "agenix",
        "rev": "b027ee29d959fda4b60b57566d64c98a202e0feb",
        "type": "github"
      },
      "original": {
        "owner": "ryantm",
        "repo": "agenix",
        "type": "github"
      }
    },
    "disko": {
      "inputs": {
        "nixpkgs": [
          "nixpkgs"
        ]
      },
      "locked": {
        "lastModified": 1768920986,
        "narHash": "sha256-CNzzBsRhq7gg4BMBuTDObiWDH/rFYHEuDRVOwCcwXw4=",
        "owner": "nix-community",
        "repo": "disko",
        "rev": "de5708739256238fb912c62f03988815db89ec9a",
        "type": "github"
      },
      "original": {
        "owner": "nix-community",
        "ref": "latest",
        "repo": "disko",
        "type": "github"
      }
    },
    "flake-file": {
      "locked": {
        "lastModified": 1785282747,
        "narHash": "sha256-ZwdMXUu0Udb4yzI65+psyJeUF+wexByNEvTUSx1xjVs=",
        "owner": "denful",
        "repo": "flake-file",
        "rev": "56c46842d70754345c4a4581b8cbebe87b8fc067",
        "type": "github"
      },
      "original": {
        "owner": "denful",
        "repo": "flake-file",
        "type": "github"
      }
    },
    "flake-parts": {
      "inputs": {
        "nixpkgs-lib": [
          "neovim-nightly-overlay",
          "nixpkgs"
        ]
      },
      "locked": {
        "lastModified": 1782949081,
        "narHash": "sha256-vp6Y/Grm98ESt6ceOkWiHWyZRDV3J1RID4w+6NWK9yA=",
        "owner": "hercules-ci",
        "repo": "flake-parts",
        "rev": "17c9d6cdfc60c64f4ee8d306f9bc0b4ccb51481e",
        "type": "github"
      },
      "original": {
        "owner": "hercules-ci",
        "repo": "flake-parts",
        "type": "github"
      }
    },
    "flake-parts_2": {
      "inputs": {
        "nixpkgs-lib": [
          "nur",
          "nixpkgs"
        ]
      },
      "locked": {
        "lastModified": 1733312601,
        "narHash": "sha256-4pDvzqnegAfRkPwO3wmwBhVi/Sye1mzps0zHWYnP88c=",
        "owner": "hercules-ci",
        "repo": "flake-parts",
        "rev": "205b12d8b7cd4802fbcb8e8ef6a0f1408781a4f9",
        "type": "github"
      },
      "original": {
        "owner": "hercules-ci",
        "repo": "flake-parts",
        "type": "github"
      }
    },
    "home-manager": {
      "inputs": {
        "nixpkgs": [
          "nixpkgs"
        ]
      },
      "locked": {
        "lastModified": 1785496534,
        "narHash": "sha256-EASdusMYLuPhOCrE3LmsAGOvGhX3vnKBLxFvj9lI8tU=",
        "owner": "nix-community",
        "repo": "home-manager",
        "rev": "e8827fbbb12015a8dd9f66285aec79d655bcb9f6",
        "type": "github"
      },
      "original": {
        "owner": "nix-community",
        "repo": "home-manager",
        "type": "github"
      }
    },
    "import-tree": {
      "locked": {
        "lastModified": 1784254960,
        "narHash": "sha256-iI88R3wHz8wTKQb5orvpc51L/Xr64AJyxid/0MKa/b8=",
        "owner": "denful",
        "repo": "import-tree",
        "rev": "4ebb10ae17d5f1ad366e7aef5b92cb8eecf24f69",
        "type": "github"
      },
      "original": {
        "owner": "denful",
        "repo": "import-tree",
        "type": "github"
      }
    },
    "neovim-nightly-overlay": {
      "inputs": {
        "flake-parts": "flake-parts",
        "neovim-src": "neovim-src",
        "nixpkgs": "nixpkgs"
      },
      "locked": {
        "lastModified": 1785456228,
        "narHash": "sha256-EMNlMDt8kXcu0FFvUCOnhGY5Oez9Hn8xi6fMGDdzsO8=",
        "owner": "nix-community",
        "repo": "neovim-nightly-overlay",
        "rev": "dfbbbba25155fe6a7137fe1cb5fe4a20a833e4c6",
        "type": "github"
      },
      "original": {
        "owner": "nix-community",
        "repo": "neovim-nightly-overlay",
        "type": "github"
      }
    },
    "neovim-src": {
      "flake": false,
      "locked": {
        "lastModified": 1785438559,
        "narHash": "sha256-yRlaioLMW3SmuBrcEDmOvT2CQhXz71PmkSUtryqgmYY=",
        "owner": "neovim",
        "repo": "neovim",
        "rev": "6cdab150bc161a35ca6356a4d1b4add17c52eb4b",
        "type": "github"
      },
      "original": {
        "owner": "neovim",
        "repo": "neovim",
        "type": "github"
      }
    },
    "nixpkgs": {
      "locked": {
        "lastModified": 1785301185,
        "narHash": "sha256-eoS3KQTO0aPWXZvIaRbRAzSSHW3l5wdMFXtT1ISfoKA=",
        "owner": "NixOS",
        "repo": "nixpkgs",
        "rev": "9bc02893134c733dd85de46ee4fb2fac696b5529",
        "type": "github"
      },
      "original": {
        "owner": "NixOS",
        "ref": "nixpkgs-unstable",
        "repo": "nixpkgs",
        "type": "github"
      }
    },
    "nixpkgs_2": {
      "locked": {
        "lastModified": 1785454630,
        "narHash": "sha256-LQy14TZp77TwbQf40gg1V3jo8FwJG0jGDkAH+zRHqg8=",
        "owner": "NixOS",
        "repo": "nixpkgs",
        "rev": "1559d3daa3ecc813a650b79375ea61b6741b8746",
        "type": "github"
      },
      "original": {
        "owner": "NixOS",
        "ref": "nixos-unstable",
        "repo": "nixpkgs",
        "type": "github"
      }
    },
    "nixpkgs_3": {
      "locked": {
        "lastModified": 1784796856,
        "narHash": "sha256-vwxWgF+Gj276WznzGb1LxGsK/39HaQwgQXiU3EkC844=",
        "rev": "e2587caef70cea85dd97d7daab492899902dbf5d",
        "type": "tarball",
        "url": "https://releases.nixos.org/nixos/unstable/nixos-26.11pre1040357.e2587caef70c/nixexprs.tar.xz"
      },
      "original": {
        "type": "tarball",
        "url": "https://channels.nixos.org/nixos-unstable/nixexprs.tar.xz"
      }
    },
    "noctalia-greeter": {
      "inputs": {
        "nixpkgs": "nixpkgs_3"
      },
      "locked": {
        "lastModified": 1785404119,
        "narHash": "sha256-3t/+o8Cbve8z43IekUNBj7Ecn/T+v7+p4Ivgs3IEQtk=",
        "owner": "noctalia-dev",
        "repo": "noctalia-greeter",
        "rev": "257ce92ab410a1a9347038e4286a3fc5989bec97",
        "type": "github"
      },
      "original": {
        "owner": "noctalia-dev",
        "repo": "noctalia-greeter",
        "type": "github"
      }
    },
    "nur": {
      "inputs": {
        "flake-parts": "flake-parts_2",
        "nixpkgs": [
          "nixpkgs"
        ]
      },
      "locked": {
        "lastModified": 1785510899,
        "narHash": "sha256-+LyxJTPLo1G7oryhhqmBvG529EcWeHQ2MgEHzd7Zi3Y=",
        "owner": "nix-community",
        "repo": "NUR",
        "rev": "ce778bbb76d1e3ff62937494f3a79ce411b30a0b",
        "type": "github"
      },
      "original": {
        "owner": "nix-community",
        "repo": "NUR",
        "type": "github"
      }
    },
    "root": {
      "inputs": {
        "agenix": "agenix",
        "disko": "disko",
        "flake-file": "flake-file",
        "home-manager": "home-manager",
        "import-tree": "import-tree",
        "neovim-nightly-overlay": "neovim-nightly-overlay",
        "nixpkgs": "nixpkgs_2",
        "noctalia-greeter": "noctalia-greeter",
        "nur": "nur",
        "waydroid-script": "waydroid-script"
      }
    },
    "systems": {
      "locked": {
        "lastModified": 1681028828,
        "narHash": "sha256-Vy1rq5AaRuLzOxct8nz4T6wlgyUR7zLU309k9mBC768=",
        "owner": "nix-systems",
        "repo": "default",
        "rev": "da67096a3b9bf56a91d16901293e51ba5b49a27e",
        "type": "github"
      },
      "original": {
        "owner": "nix-systems",
        "repo": "default",
        "type": "github"
      }
    },
    "systems_2": {
      "locked": {
        "lastModified": 1681028828,
        "narHash": "sha256-Vy1rq5AaRuLzOxct8nz4T6wlgyUR7zLU309k9mBC768=",
        "owner": "nix-systems",
        "repo": "default",
        "rev": "da67096a3b9bf56a91d16901293e51ba5b49a27e",
        "type": "github"
      },
      "original": {
        "owner": "nix-systems",
        "repo": "default",
        "type": "github"
      }
    },
    "waydroid-script": {
      "inputs": {
        "nixpkgs": [
          "nixpkgs"
        ],
        "systems": "systems_2"
      },
      "locked": {
        "lastModified": 1767603363,
        "narHash": "sha256-zSHZlhHJHWZRE3I5pYWhD4o8aNpa8rTiEtl2qJTuRjw=",
        "owner": "casualsnek",
        "repo": "waydroid_script",
        "rev": "d5289cfd8929e86e7f0dc89ecadcef8b66930eec",
        "type": "github"
      },
      "original": {
        "owner": "casualsnek",
        "repo": "waydroid_script",
        "rev": "d5289cfd8929e86e7f0dc89ecadcef8b66930eec",
        "type": "github"
      }
    }
  },
  "root": "root",
  "version": 7
}
